
Microsoft Visual Studio Solution File, Format Version 12.00
# Visual Studio Version 17
VisualStudioVersion = 17.4.33213.308
MinimumVisualStudioVersion = 10.0.40219.1
Project("{2150E333-8FDC-42A3-9474-1A3956D46DE8}") = "Services", "Services", "{FB9C03AE-066F-482B-A1F7-500C03DDD508}"
EndProject
Project("{2150E333-8FDC-42A3-9474-1A3956D46DE8}") = "Catalog", "Catalog", "{7DCF92CF-BDEC-4E20-8AC5-6C64FC908BDD}"
EndProject
Project("{9A19103F-16F7-4668-BE54-9A1E7A4F7556}") = "Catalog.API", "Services\Catalog\Catalog.API\Catalog.API.csproj", "{213F5C51-E5D2-41F9-84DA-7FD198082670}"
EndProject
Project("{E53339B2-1760-4266-BCC7-CA923CBCF16C}") = "docker-compose", "docker-compose.dcproj", "{E28E22E5-EC99-436C-8105-17B51ED8DC9C}"
	ProjectSection(ProjectDependencies) = postProject
		{213F5C51-E5D2-41F9-84DA-7FD198082670} = {213F5C51-E5D2-41F9-84DA-7FD198082670}
	EndProjectSection
EndProject
Project("{2150E333-8FDC-42A3-9474-1A3956D46DE8}") = "Basket", "Basket", "{D55FCD08-FCF2-4B30-B212-84DB634C73CD}"
EndProject
Project("{9A19103F-16F7-4668-BE54-9A1E7A4F7556}") = "Basket.API", "Services\Basket\Basket.API\Basket.API.csproj", "{AC2AD340-847C-428C-898F-2BD8E62A103E}"
EndProject
Project("{2150E333-8FDC-42A3-9474-1A3956D46DE8}") = "Discount", "Discount", "{57C60889-B8A2-49CA-8F4E-4395CE95AD25}"
EndProject
Project("{9A19103F-16F7-4668-BE54-9A1E7A4F7556}") = "Discount.API", "Services\Discount\Discount.API\Discount.API.csproj", "{9C1F07C7-D524-4783-B5D8-0F8810EA090E}"
EndProject
Project("{9A19103F-16F7-4668-BE54-9A1E7A4F7556}") = "Discount.Grpc", "Services\Discount\Discount.Grpc\Discount.Grpc.csproj", "{15D941E6-E9C2-4175-875E-100038E7C893}"
EndProject
Project("{2150E333-8FDC-42A3-9474-1A3956D46DE8}") = "Ordering", "Ordering", "{6FDE62DF-56B7-4182-A770-ED66B67CA4FC}"
EndProject
Project("{FAE04EC0-301F-11D3-BF4B-00C04F79EFBC}") = "Ordering.API", "Services\Ordering\Ordering.API\Ordering.API.csproj", "{A0145A50-F25D-43BA-AE2C-6ADAB5ED16ED}"
EndProject
Project("{FAE04EC0-301F-11D3-BF4B-00C04F79EFBC}") = "Ordering.Domain", "Services\Ordering\Ordering.Domain\Ordering.Domain.csproj", "{0DADEFF8-AF8D-47D1-ADDD-8FC2DE56A2C0}"
EndProject
Project("{FAE04EC0-301F-11D3-BF4B-00C04F79EFBC}") = "Ordering.Application", "Services\Ordering\Ordering.Application\Ordering.Application.csproj", "{B40A43EB-17C1-496E-8414-DE31C59755E8}"
EndProject
Project("{FAE04EC0-301F-11D3-BF4B-00C04F79EFBC}") = "Ordering.Infrastructure", "Services\Ordering\Ordering.Infrastructure\Ordering.Infrastructure.csproj", "{19633FA7-ABFA-483A-AE16-1699167F6EBF}"
EndProject
Global
	GlobalSection(SolutionConfigurationPlatforms) = preSolution
		Debug|Any CPU = Debug|Any CPU
		Release|Any CPU = Release|Any CPU
	EndGlobalSection
	GlobalSection(ProjectConfigurationPlatforms) = postSolution
		{213F5C51-E5D2-41F9-84DA-7FD198082670}.Debug|Any CPU.ActiveCfg = Debug|Any CPU
		{213F5C51-E5D2-41F9-84DA-7FD198082670}.Debug|Any CPU.Build.0 = Debug|Any CPU
		{213F5C51-E5D2-41F9-84DA-7FD198082670}.Release|Any CPU.ActiveCfg = Release|Any CPU
		{213F5C51-E5D2-41F9-84DA-7FD198082670}.Release|Any CPU.Build.0 = Release|Any CPU
		{E28E22E5-EC99-436C-8105-17B51ED8DC9C}.Debug|Any CPU.ActiveCfg = Debug|Any CPU
		{E28E22E5-EC99-436C-8105-17B51ED8DC9C}.Debug|Any CPU.Build.0 = Debug|Any CPU
		{E28E22E5-EC99-436C-8105-17B51ED8DC9C}.Release|Any CPU.ActiveCfg = Release|Any CPU
		{E28E22E5-EC99-436C-8105-17B51ED8DC9C}.Release|Any CPU.Build.0 = Release|Any CPU
		{AC2AD340-847C-428C-898F-2BD8E62A103E}.Debug|Any CPU.ActiveCfg = Debug|Any CPU
		{AC2AD340-847C-428C-898F-2BD8E62A103E}.Debug|Any CPU.Build.0 = Debug|Any CPU
		{AC2AD340-847C-428C-898F-2BD8E62A103E}.Release|Any CPU.ActiveCfg = Release|Any CPU
		{AC2AD340-847C-428C-898F-2BD8E62A103E}.Release|Any CPU.Build.0 = Release|Any CPU
		{9C1F07C7-D524-4783-B5D8-0F8810EA090E}.Debug|Any CPU.ActiveCfg = Debug|Any CPU
		{9C1F07C7-D524-4783-B5D8-0F8810EA090E}.Debug|Any CPU.Build.0 = Debug|Any CPU
		{9C1F07C7-D524-4783-B5D8-0F8810EA090E}.Release|Any CPU.ActiveCfg = Release|Any CPU
		{9C1F07C7-D524-4783-B5D8-0F8810EA090E}.Release|Any CPU.Build.0 = Release|Any CPU
		{15D941E6-E9C2-4175-875E-100038E7C893}.Debug|Any CPU.ActiveCfg = Debug|Any CPU
		{15D941E6-E9C2-4175-875E-100038E7C893}.Debug|Any CPU.Build.0 = Debug|Any CPU
		{15D941E6-E9C2-4175-875E-100038E7C893}.Release|Any CPU.ActiveCfg = Release|Any CPU
		{15D941E6-E9C2-4175-875E-100038E7C893}.Release|Any CPU.Build.0 = Release|Any CPU
		{A0145A50-F25D-43BA-AE2C-6ADAB5ED16ED}.Debug|Any CPU.ActiveCfg = Debug|Any CPU
		{A0145A50-F25D-43BA-AE2C-6ADAB5ED16ED}.Debug|Any CPU.Build.0 = Debug|Any CPU
		{A0145A50-F25D-43BA-AE2C-6ADAB5ED16ED}.Release|Any CPU.ActiveCfg = Release|Any CPU
		{A0145A50-F25D-43BA-AE2C-6ADAB5ED16ED}.Release|Any CPU.Build.0 = Release|Any CPU
		{0DADEFF8-AF8D-47D1-ADDD-8FC2DE56A2C0}.Debug|Any CPU.ActiveCfg = Debug|Any CPU
		{0DADEFF8-AF8D-47D1-ADDD-8FC2DE56A2C0}.Debug|Any CPU.Build.0 = Debug|Any CPU
		{0DADEFF8-AF8D-47D1-ADDD-8FC2DE56A2C0}.Release|Any CPU.ActiveCfg = Release|Any CPU
		{0DADEFF8-AF8D-47D1-ADDD-8FC2DE56A2C0}.Release|Any CPU.Build.0 = Release|Any CPU
		{B40A43EB-17C1-496E-8414-DE31C59755E8}.Debug|Any CPU.ActiveCfg = Debug|Any CPU
		{B40A43EB-17C1-496E-8414-DE31C59755E8}.Debug|Any CPU.Build.0 = Debug|Any CPU
		{B40A43EB-17C1-496E-8414-DE31C59755E8}.Release|Any CPU.ActiveCfg = Release|Any CPU
		{B40A43EB-17C1-496E-8414-DE31C59755E8}.Release|Any CPU.Build.0 = Release|Any CPU
		{19633FA7-ABFA-483A-AE16-1699167F6EBF}.Debug|Any CPU.ActiveCfg = Debug|Any CPU
		{19633FA7-ABFA-483A-AE16-1699167F6EBF}.Debug|Any CPU.Build.0 = Debug|Any CPU
		{19633FA7-ABFA-483A-AE16-1699167F6EBF}.Release|Any CPU.ActiveCfg = Release|Any CPU
		{19633FA7-ABFA-483A-AE16-1699167F6EBF}.Release|Any CPU.Build.0 = Release|Any CPU
	EndGlobalSection
	GlobalSection(SolutionProperties) = preSolution
		HideSolutionNode = FALSE
	EndGlobalSection
	GlobalSection(NestedProjects) = preSolution
		{7DCF92CF-BDEC-4E20-8AC5-6C64FC908BDD} = {FB9C03AE-066F-482B-A1F7-500C03DDD508}
		{213F5C51-E5D2-41F9-84DA-7FD198082670} = {7DCF92CF-BDEC-4E20-8AC5-6C64FC908BDD}
		{D55FCD08-FCF2-4B30-B212-84DB634C73CD} = {FB9C03AE-066F-482B-A1F7-500C03DDD508}
		{AC2AD340-847C-428C-898F-2BD8E62A103E} = {D55FCD08-FCF2-4B30-B212-84DB634C73CD}
		{57C60889-B8A2-49CA-8F4E-4395CE95AD25} = {FB9C03AE-066F-482B-A1F7-500C03DDD508}
		{9C1F07C7-D524-4783-B5D8-0F8810EA090E} = {57C60889-B8A2-49CA-8F4E-4395CE95AD25}
		{15D941E6-E9C2-4175-875E-100038E7C893} = {57C60889-B8A2-49CA-8F4E-4395CE95AD25}
		{6FDE62DF-56B7-4182-A770-ED66B67CA4FC} = {FB9C03AE-066F-482B-A1F7-500C03DDD508}
		{A0145A50-F25D-43BA-AE2C-6ADAB5ED16ED} = {6FDE62DF-56B7-4182-A770-ED66B67CA4FC}
		{0DADEFF8-AF8D-47D1-ADDD-8FC2DE56A2C0} = {6FDE62DF-56B7-4182-A770-ED66B67CA4FC}
		{B40A43EB-17C1-496E-8414-DE31C59755E8} = {6FDE62DF-56B7-4182-A770-ED66B67CA4FC}
		{19633FA7-ABFA-483A-AE16-1699167F6EBF} = {6FDE62DF-56B7-4182-A770-ED66B67CA4FC}
	EndGlobalSection
	GlobalSection(ExtensibilityGlobals) = postSolution
		SolutionGuid = {AA453AAE-2B0C-464F-9EF1-FB6FA04EB09C}
	EndGlobalSection
EndGlobal
